{"./level_1_format.json":{"definitions":{"Student":{"type":"struct","properties":{"firstName":{"type":"string"},"lastName":{"type":"string"},"date":{"type":"string","format":"date"},"dateTime":{"type":"string","format":"date-time"},"time":{"type":"string","format":"time"}}}},"root":"Student"},"./level_1_simple.json":{"definitions":{"Student":{"type":"struct","properties":{"firstName":{"type":"string"},"lastName":{"type":"string"},"age":{"type":"integer"},"active":{"type":"boolean"},"score":{"type":"number"},"faculty":{"type":"reference","target":"Faculty"}}},"Faculty":{"type":"struct","properties":{"name":{"type":"string"}}}},"root":"Student"},"./level_2_array_inline_reference.json":{"definitions":{"Student":{"type":"struct","properties":{"firstName":{"type":"string"},"lastName":{"type":"string"},"age":{"type":"integer"},"properties":{"type":"array","schema":{"type":"reference","target":"StudentProperty"}}}},"StudentProperty":{"type":"struct","properties":{"name":{"type":"string"},"value":{"type":"string"}}}},"root":"Student"},"./level_2_array_inline_string.json":{"definitions":{"Student":{"type":"struct","properties":{"firstName":{"type":"string"},"lastName":{"type":"string"},"age":{"type":"integer"},"properties":{"type":"array","schema":{"type":"string"}}}}},"root":"Student"},"./level_2_array_reference.json":{"definitions":{"Student":{"type":"struct","properties":{"firstName":{"type":"string"},"lastName":{"type":"string"},"age":{"type":"integer"},"properties":{"type":"reference","target":"StudentArrayReference"}}},"StudentArrayReference":{"type":"array","schema":{"type":"reference","target":"StudentProperty"}},"StudentProperty":{"type":"struct","properties":{"name":{"type":"string"},"value":{"type":"string"}}}},"root":"Student"},"./level_2_array_string.json":{"definitions":{"Student":{"type":"struct","properties":{"firstName":{"type":"string"},"lastName":{"type":"string"},"age":{"type":"integer"},"properties":{"type":"reference","target":"StudentArrayString"}}},"StudentArrayString":{"type":"array","schema":{"type":"string"}}},"root":"Student"},"./level_2_map_inline_reference.json":{"definitions":{"Student":{"type":"struct","properties":{"firstName":{"type":"string"},"lastName":{"type":"string"},"age":{"type":"integer"},"properties":{"type":"map","schema":{"type":"reference","target":"StudentProperty"}}}},"StudentProperty":{"type":"struct","properties":{"name":{"type":"string"},"value":{"type":"string"}}}},"root":"Student"},"./level_2_map_inline_string.json":{"definitions":{"Student":{"type":"struct","properties":{"firstName":{"type":"string"},"lastName":{"type":"string"},"age":{"type":"integer"},"properties":{"type":"map","schema":{"type":"string"}}}}},"root":"Student"},"./level_2_map_reference.json":{"definitions":{"Student":{"type":"struct","properties":{"firstName":{"type":"string"},"lastName":{"type":"string"},"age":{"type":"integer"},"properties":{"type":"reference","target":"StudentMapReference"}}},"StudentMapReference":{"type":"map","schema":{"type":"reference","target":"StudentProperty"}},"StudentProperty":{"type":"struct","properties":{"name":{"type":"string"},"value":{"type":"string"}}}},"root":"Student"},"./level_2_map_string.json":{"definitions":{"Student":{"type":"struct","properties":{"firstName":{"type":"string"},"lastName":{"type":"string"},"age":{"type":"integer"},"properties":{"type":"reference","target":"StudentMapString"}}},"StudentMapString":{"type":"map","schema":{"type":"string"}}},"root":"Student"},"./level_3_inheritance.json":{"definitions":{"Human":{"type":"struct","properties":{"firstName":{"type":"string"},"lastName":{"type":"string"},"age":{"type":"integer"}}},"Student":{"parent":{"type":"reference","target":"Human"},"type":"struct","properties":{"studentId":{"type":"string"}}}},"root":"Student"},"./level_4_generic.json":{"definitions":{"Student":{"type":"struct","properties":{"matricleNumber":{"type":"integer"}}},"StudentMap":{"type":"struct","parent":{"type":"reference","target":"Map","template":{"T":"Student"}},"properties":{}},"Map":{"type":"struct","properties":{"totalResults":{"type":"integer"},"entries":{"type":"array","schema":{"type":"generic","name":"T"}}}}},"root":"StudentMap"},"./level_5_discriminator.json":{"definitions":{"Human":{"type":"struct","properties":{"firstName":{"type":"string"},"lastName":{"type":"string"},"location":{"type":"reference","target":"Location"}}},"Location":{"type":"struct","base":true,"discriminator":"type","mapping":{"Web":"web","World":"world"},"properties":{"type":{"type":"string"}}},"Web":{"parent":{"type":"reference","target":"Location"},"type":"struct","properties":{"url":{"type":"string"}}},"World":{"parent":{"type":"reference","target":"Location"},"type":"struct","properties":{"lat":{"type":"string"},"long":{"type":"string"}}}},"root":"Human"}}